
Microsoft Visual Studio Solution File, Format Version 9.00
# Visual Studio 2005
Project("{8BC9CEB8-8B4A-11D0-8D11-00A0C91BC942}") = "Shortest Path Finder Remastered", "Shortest Path Finder Remastered\Shortest Path Finder Remastered.vcproj", "{89220467-E95A-4F32-BDF4-93BFBCF9EC26}"
EndProject
Global
	GlobalSection(SolutionConfigurationPlatforms) = preSolution
		Debug|Win32 = Debug|Win32
		Release|Win32 = Release|Win32
	EndGlobalSection
	GlobalSection(ProjectConfigurationPlatforms) = postSolution
		{89220467-E95A-4F32-BDF4-93BFBCF9EC26}.Debug|Win32.ActiveCfg = Debug|Win32
		{89220467-E95A-4F32-BDF4-93BFBCF9EC26}.Debug|Win32.Build.0 = Debug|Win32
		{89220467-E95A-4F32-BDF4-93BFBCF9EC26}.Release|Win32.ActiveCfg = Release|Win32
		{89220467-E95A-4F32-BDF4-93BFBCF9EC26}.Release|Win32.Build.0 = Release|Win32
	EndGlobalSection
	GlobalSection(SolutionProperties) = preSolution
		HideSolutionNode = FALSE
	EndGlobalSection
EndGlobal
